
Microsoft Visual Studio Solution File, Format Version 12.00
# Visual Studio 2013
VisualStudioVersion = 12.0.21005.1
MinimumVisualStudioVersion = 10.0.40219.1
Project("{FAE04EC0-301F-11D3-BF4B-00C04F79EFBC}") = "BlueConsultingManagementSystem", "BlueConsultingManagementSystem\BlueConsultingManagementSystem.csproj", "{C223EC5C-F1DB-4803-BCF5-9789753F01FE}"
EndProject
Project("{FAE04EC0-301F-11D3-BF4B-00C04F79EFBC}") = "BlueConsultingManagementSystem.Tests", "BlueConsultingManagementSystem.Tests\BlueConsultingManagementSystem.Tests.csproj", "{A99E1786-3464-4249-9BAE-4780D777391A}"
EndProject
Global
	GlobalSection(SolutionConfigurationPlatforms) = preSolution
		Debug|Any CPU = Debug|Any CPU
		Release|Any CPU = Release|Any CPU
	EndGlobalSection
	GlobalSection(ProjectConfigurationPlatforms) = postSolution
		{C223EC5C-F1DB-4803-BCF5-9789753F01FE}.Debug|Any CPU.ActiveCfg = Debug|Any CPU
		{C223EC5C-F1DB-4803-BCF5-9789753F01FE}.Debug|Any CPU.Build.0 = Debug|Any CPU
		{C223EC5C-F1DB-4803-BCF5-9789753F01FE}.Release|Any CPU.ActiveCfg = Release|Any CPU
		{C223EC5C-F1DB-4803-BCF5-9789753F01FE}.Release|Any CPU.Build.0 = Release|Any CPU
		{A99E1786-3464-4249-9BAE-4780D777391A}.Debug|Any CPU.ActiveCfg = Debug|Any CPU
		{A99E1786-3464-4249-9BAE-4780D777391A}.Debug|Any CPU.Build.0 = Debug|Any CPU
		{A99E1786-3464-4249-9BAE-4780D777391A}.Release|Any CPU.ActiveCfg = Release|Any CPU
		{A99E1786-3464-4249-9BAE-4780D777391A}.Release|Any CPU.Build.0 = Release|Any CPU
	EndGlobalSection
	GlobalSection(SolutionProperties) = preSolution
		HideSolutionNode = FALSE
	EndGlobalSection
EndGlobal
